{
  "name": "menu-pronote",
  "version": "1.0.0",
  "lockfileVersion": 3,
  "requires": true,
  "packages": {
    "": {
      "name": "menu-pronote",
      "version": "1.0.0",
      "license": "ISC",
      "dependencies": {
        "dotenv": "^16.4.5",
        "pawnote": "^1.2.2"
      }
    },
    "node_modules/@literate.ink/utilities": {
      "version": "1.0.0-10641118381.1",
      "resolved": "https://registry.npmjs.org/@literate.ink/utilities/-/utilities-1.0.0-10641118381.1.tgz",
      "integrity": "sha512-omhzgwfAjNXqIjt6dmWbU8pm6QfEvNYetykEXYk+vVaJ8oICglvkChxkC6FkF8zJKMM/lFrNHgD42obQ8lwolQ==",
      "license": "MIT",
      "dependencies": {
        "set-cookie-parser": "^2.7.0"
      }
    },
    "node_modules/dotenv": {
      "version": "16.4.5",
      "resolved": "https://registry.npmjs.org/dotenv/-/dotenv-16.4.5.tgz",
      "integrity": "sha512-ZmdL2rui+eB2YwhsWzjInR8LldtZHGDoQ1ugH85ppHKwpUHL7j7rN0Ti9NCnGiQbhaZ11FpR+7ao1dNsmduNUg==",
      "license": "BSD-2-Clause",
      "engines": {
        "node": ">=12"
      },
      "funding": {
        "url": "https://dotenvx.com"
      }
    },
    "node_modules/html-entities": {
      "version": "2.5.2",
      "resolved": "https://registry.npmjs.org/html-entities/-/html-entities-2.5.2.tgz",
      "integrity": "sha512-K//PSRMQk4FZ78Kyau+mZurHn3FH0Vwr+H36eE0rPbeYkRRi9YxceYPhuN60UwWorxyKHhqoAJl2OFKa4BVtaA==",
      "funding": [
        {
          "type": "github",
          "url": "https://github.com/sponsors/mdevils"
        },
        {
          "type": "patreon",
          "url": "https://patreon.com/mdevils"
        }
      ],
      "license": "MIT"
    },
    "node_modules/node-forge": {
      "version": "1.3.1",
      "resolved": "https://registry.npmjs.org/node-forge/-/node-forge-1.3.1.tgz",
      "integrity": "sha512-dPEtOeMvF9VMcYV/1Wb8CPoVAXtp6MKMlcbAt4ddqmGqUJ6fQZFXkNZNkNlfevtNkGtaSoXf/vNNNSvgrdXwtA==",
      "license": "(BSD-3-Clause OR GPL-2.0)",
      "engines": {
        "node": ">= 6.13.0"
      }
    },
    "node_modules/pako": {
      "version": "2.1.0",
      "resolved": "https://registry.npmjs.org/pako/-/pako-2.1.0.tgz",
      "integrity": "sha512-w+eufiZ1WuJYgPXbV/PO3NCMEc3xqylkKHzp8bxp1uW4qaSNQUkwmLLEc3kKsfz8lpV1F8Ht3U1Cm+9Srog2ug==",
      "license": "(MIT AND Zlib)"
    },
    "node_modules/pawnote": {
      "version": "1.2.2",
      "resolved": "https://registry.npmjs.org/pawnote/-/pawnote-1.2.2.tgz",
      "integrity": "sha512-7Q3noEiVCcUHkbn/cziHLtaZsTCShg364Srlnl1QScqCFwRljpbCqDXtKmFTvWyOZH+9nC2drV/oTr+aZIjCwQ==",
      "license": "GPL-3.0-or-later",
      "dependencies": {
        "@literate.ink/utilities": "1.0.0-10641118381.1",
        "html-entities": "^2.5.2",
        "node-forge": "^1.3.1",
        "pako": "^2.1.0"
      },
      "engines": {
        "node": ">=18"
      }
    },
    "node_modules/set-cookie-parser": {
      "version": "2.7.0",
      "resolved": "https://registry.npmjs.org/set-cookie-parser/-/set-cookie-parser-2.7.0.tgz",
      "integrity": "sha512-lXLOiqpkUumhRdFF3k1osNXCy9akgx/dyPZ5p8qAg9seJzXr5ZrlqZuWIMuY6ejOsVLE6flJ5/h3lsn57fQ/PQ==",
      "license": "MIT"
    }
  }
}
